
Microsoft Visual Studio Solution File, Format Version 12.00
# Visual Studio Version 17
VisualStudioVersion = 17.1.32407.343
MinimumVisualStudioVersion = 10.0.40219.1
Project("{9A19103F-16F7-4668-BE54-9A1E7A4F7556}") = "CosmosDBSample", "CosmosDBSample\CosmosDBSample.csproj", "{3993D758-DD3C-4D1B-A10D-E32AEA358259}"
EndProject
Project("{FAE04EC0-301F-11D3-BF4B-00C04F79EFBC}") = "EvenSample", "EvenSample\EvenSample.csproj", "{C1EAE5A4-FD9B-42B1-895C-079C811CE546}"
EndProject
Global
	GlobalSection(SolutionConfigurationPlatforms) = preSolution
		Debug|Any CPU = Debug|Any CPU
		Release|Any CPU = Release|Any CPU
	EndGlobalSection
	GlobalSection(ProjectConfigurationPlatforms) = postSolution
		{3993D758-DD3C-4D1B-A10D-E32AEA358259}.Debug|Any CPU.ActiveCfg = Debug|Any CPU
		{3993D758-DD3C-4D1B-A10D-E32AEA358259}.Debug|Any CPU.Build.0 = Debug|Any CPU
		{3993D758-DD3C-4D1B-A10D-E32AEA358259}.Release|Any CPU.ActiveCfg = Release|Any CPU
		{3993D758-DD3C-4D1B-A10D-E32AEA358259}.Release|Any CPU.Build.0 = Release|Any CPU
		{C1EAE5A4-FD9B-42B1-895C-079C811CE546}.Debug|Any CPU.ActiveCfg = Debug|Any CPU
		{C1EAE5A4-FD9B-42B1-895C-079C811CE546}.Debug|Any CPU.Build.0 = Debug|Any CPU
		{C1EAE5A4-FD9B-42B1-895C-079C811CE546}.Release|Any CPU.ActiveCfg = Release|Any CPU
		{C1EAE5A4-FD9B-42B1-895C-079C811CE546}.Release|Any CPU.Build.0 = Release|Any CPU
	EndGlobalSection
	GlobalSection(SolutionProperties) = preSolution
		HideSolutionNode = FALSE
	EndGlobalSection
	GlobalSection(ExtensibilityGlobals) = postSolution
		SolutionGuid = {A8BDD390-D3A0-4E0F-BA0D-9A5075052004}
	EndGlobalSection
EndGlobal
